
Microsoft Visual Studio Solution File, Format Version 12.00
# Visual Studio 15
VisualStudioVersion = 15.0.27703.2042
MinimumVisualStudioVersion = 10.0.40219.1
Project("{F184B08F-C81C-45F6-A57F-5ABD9991F28F}") = "8-1-2", "8-1-2.vbproj", "{1C567183-C25E-4692-8B28-21E564EED475}"
EndProject
Global
	GlobalSection(SolutionConfigurationPlatforms) = preSolution
		Debug|Any CPU = Debug|Any CPU
		Release|Any CPU = Release|Any CPU
	EndGlobalSection
	GlobalSection(ProjectConfigurationPlatforms) = postSolution
		{1C567183-C25E-4692-8B28-21E564EED475}.Debug|Any CPU.ActiveCfg = Debug|Any CPU
		{1C567183-C25E-4692-8B28-21E564EED475}.Debug|Any CPU.Build.0 = Debug|Any CPU
		{1C567183-C25E-4692-8B28-21E564EED475}.Release|Any CPU.ActiveCfg = Release|Any CPU
		{1C567183-C25E-4692-8B28-21E564EED475}.Release|Any CPU.Build.0 = Release|Any CPU
	EndGlobalSection
	GlobalSection(SolutionProperties) = preSolution
		HideSolutionNode = FALSE
	EndGlobalSection
	GlobalSection(ExtensibilityGlobals) = postSolution
		SolutionGuid = {A2CEF61A-DC8E-4E14-946D-CB0181767AD3}
	EndGlobalSection
EndGlobal
