
Microsoft Visual Studio Solution File, Format Version 12.00
# Visual Studio 15
VisualStudioVersion = 15.0.27703.2042
MinimumVisualStudioVersion = 10.0.40219.1
Project("{F184B08F-C81C-45F6-A57F-5ABD9991F28F}") = "3-3-1", "3-3-1.vbproj", "{3BE55B1D-7BDC-46CB-8E30-30E785F035FE}"
EndProject
Global
	GlobalSection(SolutionConfigurationPlatforms) = preSolution
		Debug|Any CPU = Debug|Any CPU
		Release|Any CPU = Release|Any CPU
	EndGlobalSection
	GlobalSection(ProjectConfigurationPlatforms) = postSolution
		{3BE55B1D-7BDC-46CB-8E30-30E785F035FE}.Debug|Any CPU.ActiveCfg = Debug|Any CPU
		{3BE55B1D-7BDC-46CB-8E30-30E785F035FE}.Debug|Any CPU.Build.0 = Debug|Any CPU
		{3BE55B1D-7BDC-46CB-8E30-30E785F035FE}.Release|Any CPU.ActiveCfg = Release|Any CPU
		{3BE55B1D-7BDC-46CB-8E30-30E785F035FE}.Release|Any CPU.Build.0 = Release|Any CPU
	EndGlobalSection
	GlobalSection(SolutionProperties) = preSolution
		HideSolutionNode = FALSE
	EndGlobalSection
	GlobalSection(ExtensibilityGlobals) = postSolution
		SolutionGuid = {8EA437F2-620D-4952-96B5-4E5C26B59C6E}
	EndGlobalSection
EndGlobal
