
Microsoft Visual Studio Solution File, Format Version 12.00
# Visual Studio 15
VisualStudioVersion = 15.0.27703.2042
MinimumVisualStudioVersion = 10.0.40219.1
Project("{F184B08F-C81C-45F6-A57F-5ABD9991F28F}") = "11-2-1", "11-2-1.vbproj", "{91D48972-5666-4C53-882C-EA0320BBBFEF}"
EndProject
Global
	GlobalSection(SolutionConfigurationPlatforms) = preSolution
		Debug|Any CPU = Debug|Any CPU
		Release|Any CPU = Release|Any CPU
	EndGlobalSection
	GlobalSection(ProjectConfigurationPlatforms) = postSolution
		{91D48972-5666-4C53-882C-EA0320BBBFEF}.Debug|Any CPU.ActiveCfg = Debug|Any CPU
		{91D48972-5666-4C53-882C-EA0320BBBFEF}.Debug|Any CPU.Build.0 = Debug|Any CPU
		{91D48972-5666-4C53-882C-EA0320BBBFEF}.Release|Any CPU.ActiveCfg = Release|Any CPU
		{91D48972-5666-4C53-882C-EA0320BBBFEF}.Release|Any CPU.Build.0 = Release|Any CPU
	EndGlobalSection
	GlobalSection(SolutionProperties) = preSolution
		HideSolutionNode = FALSE
	EndGlobalSection
	GlobalSection(ExtensibilityGlobals) = postSolution
		SolutionGuid = {F4E545C4-006F-4CA9-B371-434773CA5BE1}
	EndGlobalSection
EndGlobal
