
Microsoft Visual Studio Solution File, Format Version 12.00
# Visual Studio 15
VisualStudioVersion = 15.0.27703.2042
MinimumVisualStudioVersion = 10.0.40219.1
Project("{F184B08F-C81C-45F6-A57F-5ABD9991F28F}") = "5-5-1", "5-5-1.vbproj", "{22D840A9-8CCF-41B9-8DCA-0466C33D40D1}"
EndProject
Global
	GlobalSection(SolutionConfigurationPlatforms) = preSolution
		Debug|Any CPU = Debug|Any CPU
		Release|Any CPU = Release|Any CPU
	EndGlobalSection
	GlobalSection(ProjectConfigurationPlatforms) = postSolution
		{22D840A9-8CCF-41B9-8DCA-0466C33D40D1}.Debug|Any CPU.ActiveCfg = Debug|Any CPU
		{22D840A9-8CCF-41B9-8DCA-0466C33D40D1}.Debug|Any CPU.Build.0 = Debug|Any CPU
		{22D840A9-8CCF-41B9-8DCA-0466C33D40D1}.Release|Any CPU.ActiveCfg = Release|Any CPU
		{22D840A9-8CCF-41B9-8DCA-0466C33D40D1}.Release|Any CPU.Build.0 = Release|Any CPU
	EndGlobalSection
	GlobalSection(SolutionProperties) = preSolution
		HideSolutionNode = FALSE
	EndGlobalSection
	GlobalSection(ExtensibilityGlobals) = postSolution
		SolutionGuid = {5D3FBC2D-6E3E-4C3E-90CE-CA837B9D757C}
	EndGlobalSection
EndGlobal
