
Microsoft Visual Studio Solution File, Format Version 12.00
# Visual Studio 15
VisualStudioVersion = 15.0.27703.2042
MinimumVisualStudioVersion = 10.0.40219.1
Project("{F184B08F-C81C-45F6-A57F-5ABD9991F28F}") = "9-3-3", "9-3-3.vbproj", "{5FA28E82-DBD9-49A5-9680-BEF761579353}"
EndProject
Global
	GlobalSection(SolutionConfigurationPlatforms) = preSolution
		Debug|Any CPU = Debug|Any CPU
		Release|Any CPU = Release|Any CPU
	EndGlobalSection
	GlobalSection(ProjectConfigurationPlatforms) = postSolution
		{5FA28E82-DBD9-49A5-9680-BEF761579353}.Debug|Any CPU.ActiveCfg = Debug|Any CPU
		{5FA28E82-DBD9-49A5-9680-BEF761579353}.Debug|Any CPU.Build.0 = Debug|Any CPU
		{5FA28E82-DBD9-49A5-9680-BEF761579353}.Release|Any CPU.ActiveCfg = Release|Any CPU
		{5FA28E82-DBD9-49A5-9680-BEF761579353}.Release|Any CPU.Build.0 = Release|Any CPU
	EndGlobalSection
	GlobalSection(SolutionProperties) = preSolution
		HideSolutionNode = FALSE
	EndGlobalSection
	GlobalSection(ExtensibilityGlobals) = postSolution
		SolutionGuid = {90E57CF5-F3B7-43F8-906A-64158269E77E}
	EndGlobalSection
EndGlobal
