
Microsoft Visual Studio Solution File, Format Version 12.00
# Visual Studio 15
VisualStudioVersion = 15.0.27703.2042
MinimumVisualStudioVersion = 10.0.40219.1
Project("{F184B08F-C81C-45F6-A57F-5ABD9991F28F}") = "4-3-6-1", "4-3-6-1.vbproj", "{C1F8EA16-B0C4-4C25-B1E5-262046DDAC3D}"
EndProject
Global
	GlobalSection(SolutionConfigurationPlatforms) = preSolution
		Debug|Any CPU = Debug|Any CPU
		Release|Any CPU = Release|Any CPU
	EndGlobalSection
	GlobalSection(ProjectConfigurationPlatforms) = postSolution
		{C1F8EA16-B0C4-4C25-B1E5-262046DDAC3D}.Debug|Any CPU.ActiveCfg = Debug|Any CPU
		{C1F8EA16-B0C4-4C25-B1E5-262046DDAC3D}.Debug|Any CPU.Build.0 = Debug|Any CPU
		{C1F8EA16-B0C4-4C25-B1E5-262046DDAC3D}.Release|Any CPU.ActiveCfg = Release|Any CPU
		{C1F8EA16-B0C4-4C25-B1E5-262046DDAC3D}.Release|Any CPU.Build.0 = Release|Any CPU
	EndGlobalSection
	GlobalSection(SolutionProperties) = preSolution
		HideSolutionNode = FALSE
	EndGlobalSection
	GlobalSection(ExtensibilityGlobals) = postSolution
		SolutionGuid = {78D25F5F-1306-4828-B1EE-6271C15BE94D}
	EndGlobalSection
EndGlobal
