
Microsoft Visual Studio Solution File, Format Version 12.00
# Visual Studio 15
VisualStudioVersion = 15.0.27703.2042
MinimumVisualStudioVersion = 10.0.40219.1
Project("{F184B08F-C81C-45F6-A57F-5ABD9991F28F}") = "12-2-1", "12-2-1.vbproj", "{6F2D25B6-5A67-4C90-84D9-F93CEE2A4ADB}"
EndProject
Global
	GlobalSection(SolutionConfigurationPlatforms) = preSolution
		Debug|Any CPU = Debug|Any CPU
		Release|Any CPU = Release|Any CPU
	EndGlobalSection
	GlobalSection(ProjectConfigurationPlatforms) = postSolution
		{6F2D25B6-5A67-4C90-84D9-F93CEE2A4ADB}.Debug|Any CPU.ActiveCfg = Debug|Any CPU
		{6F2D25B6-5A67-4C90-84D9-F93CEE2A4ADB}.Debug|Any CPU.Build.0 = Debug|Any CPU
		{6F2D25B6-5A67-4C90-84D9-F93CEE2A4ADB}.Release|Any CPU.ActiveCfg = Release|Any CPU
		{6F2D25B6-5A67-4C90-84D9-F93CEE2A4ADB}.Release|Any CPU.Build.0 = Release|Any CPU
	EndGlobalSection
	GlobalSection(SolutionProperties) = preSolution
		HideSolutionNode = FALSE
	EndGlobalSection
	GlobalSection(ExtensibilityGlobals) = postSolution
		SolutionGuid = {E178D27B-88A7-4EE6-8053-DF69EDFCB760}
	EndGlobalSection
EndGlobal
