
Microsoft Visual Studio Solution File, Format Version 12.00
# Visual Studio 15
VisualStudioVersion = 15.0.27703.2042
MinimumVisualStudioVersion = 10.0.40219.1
Project("{F184B08F-C81C-45F6-A57F-5ABD9991F28F}") = "8-2-1", "8-2-1.vbproj", "{5079AB50-5EDA-4D30-87DB-30C410CF64DF}"
EndProject
Global
	GlobalSection(SolutionConfigurationPlatforms) = preSolution
		Debug|Any CPU = Debug|Any CPU
		Release|Any CPU = Release|Any CPU
	EndGlobalSection
	GlobalSection(ProjectConfigurationPlatforms) = postSolution
		{5079AB50-5EDA-4D30-87DB-30C410CF64DF}.Debug|Any CPU.ActiveCfg = Debug|Any CPU
		{5079AB50-5EDA-4D30-87DB-30C410CF64DF}.Debug|Any CPU.Build.0 = Debug|Any CPU
		{5079AB50-5EDA-4D30-87DB-30C410CF64DF}.Release|Any CPU.ActiveCfg = Release|Any CPU
		{5079AB50-5EDA-4D30-87DB-30C410CF64DF}.Release|Any CPU.Build.0 = Release|Any CPU
	EndGlobalSection
	GlobalSection(SolutionProperties) = preSolution
		HideSolutionNode = FALSE
	EndGlobalSection
	GlobalSection(ExtensibilityGlobals) = postSolution
		SolutionGuid = {D890E806-7263-4415-9D58-7FBAC25D11FF}
	EndGlobalSection
EndGlobal
