
Microsoft Visual Studio Solution File, Format Version 12.00
# Visual Studio 15
VisualStudioVersion = 15.0.27703.2042
MinimumVisualStudioVersion = 10.0.40219.1
Project("{F184B08F-C81C-45F6-A57F-5ABD9991F28F}") = "11-1-2", "11-1-2.vbproj", "{AFE78EE9-3023-4893-9C44-0D1D4C438F07}"
EndProject
Global
	GlobalSection(SolutionConfigurationPlatforms) = preSolution
		Debug|Any CPU = Debug|Any CPU
		Release|Any CPU = Release|Any CPU
	EndGlobalSection
	GlobalSection(ProjectConfigurationPlatforms) = postSolution
		{AFE78EE9-3023-4893-9C44-0D1D4C438F07}.Debug|Any CPU.ActiveCfg = Debug|Any CPU
		{AFE78EE9-3023-4893-9C44-0D1D4C438F07}.Debug|Any CPU.Build.0 = Debug|Any CPU
		{AFE78EE9-3023-4893-9C44-0D1D4C438F07}.Release|Any CPU.ActiveCfg = Release|Any CPU
		{AFE78EE9-3023-4893-9C44-0D1D4C438F07}.Release|Any CPU.Build.0 = Release|Any CPU
	EndGlobalSection
	GlobalSection(SolutionProperties) = preSolution
		HideSolutionNode = FALSE
	EndGlobalSection
	GlobalSection(ExtensibilityGlobals) = postSolution
		SolutionGuid = {6AE15977-26A8-4D03-899A-9A8A70EB1CFA}
	EndGlobalSection
EndGlobal
